
Microsoft Visual Studio Solution File, Format Version 12.00
# Visual Studio Version 17
VisualStudioVersion = 17.0.31919.166
MinimumVisualStudioVersion = 10.0.40219.1
Project("{FAE04EC0-301F-11D3-BF4B-00C04F79EFBC}") = "Translation", "Translation\Translation.csproj", "{0F47A0F3-3C77-4FF4-BE0D-B79497BC104B}"
EndProject
Global
	GlobalSection(SolutionConfigurationPlatforms) = preSolution
		Debug|Any CPU = Debug|Any CPU
		Release|Any CPU = Release|Any CPU
	EndGlobalSection
	GlobalSection(ProjectConfigurationPlatforms) = postSolution
		{0F47A0F3-3C77-4FF4-BE0D-B79497BC104B}.Debug|Any CPU.ActiveCfg = Debug|Any CPU
		{0F47A0F3-3C77-4FF4-BE0D-B79497BC104B}.Debug|Any CPU.Build.0 = Debug|Any CPU
		{0F47A0F3-3C77-4FF4-BE0D-B79497BC104B}.Release|Any CPU.ActiveCfg = Release|Any CPU
		{0F47A0F3-3C77-4FF4-BE0D-B79497BC104B}.Release|Any CPU.Build.0 = Release|Any CPU
	EndGlobalSection
	GlobalSection(SolutionProperties) = preSolution
		HideSolutionNode = FALSE
	EndGlobalSection
	GlobalSection(ExtensibilityGlobals) = postSolution
		SolutionGuid = {1D6214A7-8090-4248-BFB9-D2B975E5B57F}
	EndGlobalSection
EndGlobal
